
Microsoft Visual Studio Solution File, Format Version 12.00
# Visual Studio 2012
Project("{FAE04EC0-301F-11D3-BF4B-00C04F79EFBC}") = "OKHOSTING.ERP.Local.Mexico.Facturacion", "OKHOSTING.ERP.Local.Mexico.Facturacion\OKHOSTING.ERP.Local.Mexico.Facturacion.csproj", "{73AAD4A8-3746-40BC-9429-E67855F38EFE}"
EndProject
Project("{FAE04EC0-301F-11D3-BF4B-00C04F79EFBC}") = "OKHOSTING.ERP.Local.Mexico.Facturacion.UI.Console", "OKHOSTING.ERP.Local.Mexico.Facturacion.UI.Console\OKHOSTING.ERP.Local.Mexico.Facturacion.UI.Console.csproj", "{B25A5852-4E8F-4335-94BB-55DE39E3D31E}"
EndProject
Project("{FAE04EC0-301F-11D3-BF4B-00C04F79EFBC}") = "OKHOSTING.ERP.Local.Mexico.Facturacion.UI.Web", "OKHOSTING.ERP.Local.Mexico.Facturacion.UI.Web\OKHOSTING.ERP.Local.Mexico.Facturacion.UI.Web.csproj", "{618C6C10-7F8F-4043-91B4-78D78A388CDB}"
EndProject
Global
	GlobalSection(SolutionConfigurationPlatforms) = preSolution
		Debug|Any CPU = Debug|Any CPU
		Release|Any CPU = Release|Any CPU
	EndGlobalSection
	GlobalSection(ProjectConfigurationPlatforms) = postSolution
		{73AAD4A8-3746-40BC-9429-E67855F38EFE}.Debug|Any CPU.ActiveCfg = Debug|Any CPU
		{73AAD4A8-3746-40BC-9429-E67855F38EFE}.Debug|Any CPU.Build.0 = Debug|Any CPU
		{73AAD4A8-3746-40BC-9429-E67855F38EFE}.Release|Any CPU.ActiveCfg = Release|Any CPU
		{73AAD4A8-3746-40BC-9429-E67855F38EFE}.Release|Any CPU.Build.0 = Release|Any CPU
		{B25A5852-4E8F-4335-94BB-55DE39E3D31E}.Debug|Any CPU.ActiveCfg = Debug|Any CPU
		{B25A5852-4E8F-4335-94BB-55DE39E3D31E}.Debug|Any CPU.Build.0 = Debug|Any CPU
		{B25A5852-4E8F-4335-94BB-55DE39E3D31E}.Release|Any CPU.ActiveCfg = Release|Any CPU
		{B25A5852-4E8F-4335-94BB-55DE39E3D31E}.Release|Any CPU.Build.0 = Release|Any CPU
		{618C6C10-7F8F-4043-91B4-78D78A388CDB}.Debug|Any CPU.ActiveCfg = Debug|Any CPU
		{618C6C10-7F8F-4043-91B4-78D78A388CDB}.Debug|Any CPU.Build.0 = Debug|Any CPU
		{618C6C10-7F8F-4043-91B4-78D78A388CDB}.Release|Any CPU.ActiveCfg = Release|Any CPU
		{618C6C10-7F8F-4043-91B4-78D78A388CDB}.Release|Any CPU.Build.0 = Release|Any CPU
	EndGlobalSection
	GlobalSection(SolutionProperties) = preSolution
		HideSolutionNode = FALSE
	EndGlobalSection
EndGlobal
